Microsoft Visual Studio Solution File, Format Version 12.00
# Visual Studio Version 17
VisualStudioVersion = 17.5.2.0
MinimumVisualStudioVersion = 10.0.40219.1
Project("{FAE04EC0-301F-11D3-BF4B-00C04F79EFBC}") = "Madden26Plugin", "Madden26Plugin.csproj", "{194D2104-87E7-B694-E3FC-A4B94C752228}"
EndProject
Global
	GlobalSection(SolutionConfigurationPlatforms) = preSolution
		Debug|Any CPU = Debug|Any CPU
		Release|Any CPU = Release|Any CPU
	EndGlobalSection
	GlobalSection(ProjectConfigurationPlatforms) = postSolution
		{194D2104-87E7-B694-E3FC-A4B94C752228}.Debug|Any CPU.ActiveCfg = Debug|Any CPU
		{194D2104-87E7-B694-E3FC-A4B94C752228}.Debug|Any CPU.Build.0 = Debug|Any CPU
		{194D2104-87E7-B694-E3FC-A4B94C752228}.Release|Any CPU.ActiveCfg = Release|Any CPU
		{194D2104-87E7-B694-E3FC-A4B94C752228}.Release|Any CPU.Build.0 = Release|Any CPU
	EndGlobalSection
	GlobalSection(SolutionProperties) = preSolution
		HideSolutionNode = FALSE
	EndGlobalSection
	GlobalSection(ExtensibilityGlobals) = postSolution
		SolutionGuid = {5A3FE5E1-ABA5-4AE7-AEF3-BA8E1760EFFF}
	EndGlobalSection
EndGlobal
